
Microsoft Visual Studio Solution File, Format Version 12.00
# Visual Studio Version 17
VisualStudioVersion = 17.5.33424.131
MinimumVisualStudioVersion = 10.0.40219.1
Project("{9A19103F-16F7-4668-BE54-9A1E7A4F7556}") = "GitReader", "GitReader\GitReader.csproj", "{EEC0E641-5FD4-479E-BDE1-E4A88B410F57}"
EndProject
Project("{2150E333-8FDC-42A3-9474-1A3956D46DE8}") = "Solution Items", "Solution Items", "{89EBDAC3-6CAE-421A-A13A-16AAE9A07CBD}"
	ProjectSection(SolutionItems) = preProject
		.gitignore = .gitignore
		build-nupkg.bat = build-nupkg.bat
		.github\workflows\build.yaml = .github\workflows\build.yaml
		Directory.Build.props = Directory.Build.props
		LICENSE = LICENSE
		README.md = README.md
		README_ja.md = README_ja.md
	EndProjectSection
EndProject
Project("{9A19103F-16F7-4668-BE54-9A1E7A4F7556}") = "GitReader.Tests", "GitReader.Tests\GitReader.Tests.csproj", "{4DA97FC6-C235-42EA-BAB5-781F3717C012}"
EndProject
Project("{9A19103F-16F7-4668-BE54-9A1E7A4F7556}") = "GitReader.Core", "GitReader.Core\GitReader.Core.csproj", "{5265519E-4119-494E-A4E1-CA2AA2AEE95A}"
EndProject
Project("{6EC3EE1D-3C4E-46DD-8F32-0CC8E7565705}") = "FSharp.GitReader", "FSharp.GitReader\FSharp.GitReader.fsproj", "{FA2A9745-F102-4231-84E0-2E2F05D5FEC5}"
EndProject
Project("{6EC3EE1D-3C4E-46DD-8F32-0CC8E7565705}") = "FSharp.GitReader.Tests", "FSharp.GitReader.Tests\FSharp.GitReader.Tests.fsproj", "{D6710037-0781-4BA0-804E-C267A3D2E0E1}"
EndProject
Project("{2150E333-8FDC-42A3-9474-1A3956D46DE8}") = "samples", "samples", "{6C0A2BF1-2E5A-4040-9617-9438F1A8BBDD}"
EndProject
Project("{2150E333-8FDC-42A3-9474-1A3956D46DE8}") = "tests", "tests", "{FA77DE1C-C141-4C03-AA63-DAFC2E624125}"
	ProjectSection(SolutionItems) = preProject
		tests\test-large-repo.sh = tests\test-large-repo.sh
		tests\test-tree.sh = tests\test-tree.sh
		tests\test-performance.sh = tests\test-performance.sh
	EndProjectSection
EndProject
Project("{9A19103F-16F7-4668-BE54-9A1E7A4F7556}") = "gitlog", "samples\gitlog\gitlog.csproj", "{D67816F7-ADDF-4CB0-AB4D-134A288C6474}"
EndProject
Project("{9A19103F-16F7-4668-BE54-9A1E7A4F7556}") = "gitlogtest", "tests\gitlogtest\gitlogtest.csproj", "{ED0ACA0C-1639-404B-825B-8FC79A384243}"
EndProject
Project("{9A19103F-16F7-4668-BE54-9A1E7A4F7556}") = "gitexporttest", "tests\gitexporttest\gitexporttest.csproj", "{48C10B93-4D7A-4D44-974B-55677CB08B2D}"
EndProject
Global
	GlobalSection(SolutionConfigurationPlatforms) = preSolution
		Debug|Any CPU = Debug|Any CPU
		Release|Any CPU = Release|Any CPU
	EndGlobalSection
	GlobalSection(ProjectConfigurationPlatforms) = postSolution
		{EEC0E641-5FD4-479E-BDE1-E4A88B410F57}.Debug|Any CPU.ActiveCfg = Debug|Any CPU
		{EEC0E641-5FD4-479E-BDE1-E4A88B410F57}.Debug|Any CPU.Build.0 = Debug|Any CPU
		{EEC0E641-5FD4-479E-BDE1-E4A88B410F57}.Release|Any CPU.ActiveCfg = Release|Any CPU
		{EEC0E641-5FD4-479E-BDE1-E4A88B410F57}.Release|Any CPU.Build.0 = Release|Any CPU
		{4DA97FC6-C235-42EA-BAB5-781F3717C012}.Debug|Any CPU.ActiveCfg = Debug|Any CPU
		{4DA97FC6-C235-42EA-BAB5-781F3717C012}.Debug|Any CPU.Build.0 = Debug|Any CPU
		{4DA97FC6-C235-42EA-BAB5-781F3717C012}.Release|Any CPU.ActiveCfg = Release|Any CPU
		{4DA97FC6-C235-42EA-BAB5-781F3717C012}.Release|Any CPU.Build.0 = Release|Any CPU
		{5265519E-4119-494E-A4E1-CA2AA2AEE95A}.Debug|Any CPU.ActiveCfg = Debug|Any CPU
		{5265519E-4119-494E-A4E1-CA2AA2AEE95A}.Debug|Any CPU.Build.0 = Debug|Any CPU
		{5265519E-4119-494E-A4E1-CA2AA2AEE95A}.Release|Any CPU.ActiveCfg = Release|Any CPU
		{5265519E-4119-494E-A4E1-CA2AA2AEE95A}.Release|Any CPU.Build.0 = Release|Any CPU
		{FA2A9745-F102-4231-84E0-2E2F05D5FEC5}.Debug|Any CPU.ActiveCfg = Debug|Any CPU
		{FA2A9745-F102-4231-84E0-2E2F05D5FEC5}.Debug|Any CPU.Build.0 = Debug|Any CPU
		{FA2A9745-F102-4231-84E0-2E2F05D5FEC5}.Release|Any CPU.ActiveCfg = Release|Any CPU
		{FA2A9745-F102-4231-84E0-2E2F05D5FEC5}.Release|Any CPU.Build.0 = Release|Any CPU
		{D6710037-0781-4BA0-804E-C267A3D2E0E1}.Debug|Any CPU.ActiveCfg = Debug|Any CPU
		{D6710037-0781-4BA0-804E-C267A3D2E0E1}.Debug|Any CPU.Build.0 = Debug|Any CPU
		{D6710037-0781-4BA0-804E-C267A3D2E0E1}.Release|Any CPU.ActiveCfg = Release|Any CPU
		{D6710037-0781-4BA0-804E-C267A3D2E0E1}.Release|Any CPU.Build.0 = Release|Any CPU
		{D67816F7-ADDF-4CB0-AB4D-134A288C6474}.Debug|Any CPU.ActiveCfg = Debug|Any CPU
		{D67816F7-ADDF-4CB0-AB4D-134A288C6474}.Debug|Any CPU.Build.0 = Debug|Any CPU
		{D67816F7-ADDF-4CB0-AB4D-134A288C6474}.Release|Any CPU.ActiveCfg = Release|Any CPU
		{D67816F7-ADDF-4CB0-AB4D-134A288C6474}.Release|Any CPU.Build.0 = Release|Any CPU
		{ED0ACA0C-1639-404B-825B-8FC79A384243}.Debug|Any CPU.ActiveCfg = Debug|Any CPU
		{ED0ACA0C-1639-404B-825B-8FC79A384243}.Debug|Any CPU.Build.0 = Debug|Any CPU
		{ED0ACA0C-1639-404B-825B-8FC79A384243}.Release|Any CPU.ActiveCfg = Release|Any CPU
		{ED0ACA0C-1639-404B-825B-8FC79A384243}.Release|Any CPU.Build.0 = Release|Any CPU
		{48C10B93-4D7A-4D44-974B-55677CB08B2D}.Debug|Any CPU.ActiveCfg = Debug|Any CPU
		{48C10B93-4D7A-4D44-974B-55677CB08B2D}.Debug|Any CPU.Build.0 = Debug|Any CPU
		{48C10B93-4D7A-4D44-974B-55677CB08B2D}.Release|Any CPU.ActiveCfg = Release|Any CPU
		{48C10B93-4D7A-4D44-974B-55677CB08B2D}.Release|Any CPU.Build.0 = Release|Any CPU
	EndGlobalSection
	GlobalSection(SolutionProperties) = preSolution
		HideSolutionNode = FALSE
	EndGlobalSection
	GlobalSection(NestedProjects) = preSolution
		{D67816F7-ADDF-4CB0-AB4D-134A288C6474} = {6C0A2BF1-2E5A-4040-9617-9438F1A8BBDD}
		{ED0ACA0C-1639-404B-825B-8FC79A384243} = {FA77DE1C-C141-4C03-AA63-DAFC2E624125}
		{48C10B93-4D7A-4D44-974B-55677CB08B2D} = {FA77DE1C-C141-4C03-AA63-DAFC2E624125}
	EndGlobalSection
	GlobalSection(ExtensibilityGlobals) = postSolution
		SolutionGuid = {AD39B2E0-9F24-4605-A51C-FF43CCA98564}
	EndGlobalSection
EndGlobal
